
Microsoft Visual Studio Solution File, Format Version 12.00
# Visual Studio Version 17
VisualStudioVersion = 17.14.36616.10
MinimumVisualStudioVersion = 10.0.40219.1
Project("{FAE04EC0-301F-11D3-BF4B-00C04F79EFBC}") = "Logindashboarditem", "Logindashboarditem\Logindashboarditem.csproj", "{20ECC2BD-B7E6-4369-859C-6C2A0D9B34D0}"
EndProject
Project("{FAE04EC0-301F-11D3-BF4B-00C04F79EFBC}") = "UtilityOperation", "UtilityOperation\UtilityOperation.csproj", "{EE3A5FC3-95CC-4682-ADDC-DB3504668A6D}"
EndProject
Project("{2150E333-8FDC-42A3-9474-1A3956D46DE8}") = "Solution Items", "Solution Items", "{8EC462FD-D22E-90A8-E5CE-7E832BA40C5D}"
	ProjectSection(SolutionItems) = preProject
		Dockerfile = Dockerfile
	EndProjectSection
EndProject
Global
	GlobalSection(SolutionConfigurationPlatforms) = preSolution
		Debug|Any CPU = Debug|Any CPU
		Release|Any CPU = Release|Any CPU
	EndGlobalSection
	GlobalSection(ProjectConfigurationPlatforms) = postSolution
		{20ECC2BD-B7E6-4369-859C-6C2A0D9B34D0}.Debug|Any CPU.ActiveCfg = Debug|Any CPU
		{20ECC2BD-B7E6-4369-859C-6C2A0D9B34D0}.Debug|Any CPU.Build.0 = Debug|Any CPU
		{20ECC2BD-B7E6-4369-859C-6C2A0D9B34D0}.Release|Any CPU.ActiveCfg = Release|Any CPU
		{20ECC2BD-B7E6-4369-859C-6C2A0D9B34D0}.Release|Any CPU.Build.0 = Release|Any CPU
		{EE3A5FC3-95CC-4682-ADDC-DB3504668A6D}.Debug|Any CPU.ActiveCfg = Debug|Any CPU
		{EE3A5FC3-95CC-4682-ADDC-DB3504668A6D}.Debug|Any CPU.Build.0 = Debug|Any CPU
		{EE3A5FC3-95CC-4682-ADDC-DB3504668A6D}.Release|Any CPU.ActiveCfg = Release|Any CPU
		{EE3A5FC3-95CC-4682-ADDC-DB3504668A6D}.Release|Any CPU.Build.0 = Release|Any CPU
	EndGlobalSection
	GlobalSection(SolutionProperties) = preSolution
		HideSolutionNode = FALSE
	EndGlobalSection
	GlobalSection(ExtensibilityGlobals) = postSolution
		SolutionGuid = {1721FDA7-394D-4E14-883D-665F172EA40D}
	EndGlobalSection
EndGlobal
